
Microsoft Visual Studio Solution File, Format Version 12.00
# Visual Studio Version 17
VisualStudioVersion = 17.7.34031.279
MinimumVisualStudioVersion = 10.0.40219.1
Project("{9A19103F-16F7-4668-BE54-9A1E7A4F7556}") = "MyNUnit", "MyNUnit\MyNUnit.csproj", "{5885A343-9759-46FB-A01D-77537BEEA52D}"
EndProject
Project("{9A19103F-16F7-4668-BE54-9A1E7A4F7556}") = "MyNUnitTests", "MyNUnitTests\MyNUnitTests.csproj", "{05FAE543-4F94-4DF2-8362-CA5B5D5BF266}"
EndProject
Project("{FAE04EC0-301F-11D3-BF4B-00C04F79EFBC}") = "ProjectForTests", "ProjectForTests\ProjectForTests.csproj", "{AC9EC7AE-16F5-470F-A90D-8884CDD7EFE6}"
EndProject
Global
	GlobalSection(SolutionConfigurationPlatforms) = preSolution
		Debug|Any CPU = Debug|Any CPU
		Release|Any CPU = Release|Any CPU
	EndGlobalSection
	GlobalSection(ProjectConfigurationPlatforms) = postSolution
		{5885A343-9759-46FB-A01D-77537BEEA52D}.Debug|Any CPU.ActiveCfg = Debug|Any CPU
		{5885A343-9759-46FB-A01D-77537BEEA52D}.Debug|Any CPU.Build.0 = Debug|Any CPU
		{5885A343-9759-46FB-A01D-77537BEEA52D}.Release|Any CPU.ActiveCfg = Release|Any CPU
		{5885A343-9759-46FB-A01D-77537BEEA52D}.Release|Any CPU.Build.0 = Release|Any CPU
		{05FAE543-4F94-4DF2-8362-CA5B5D5BF266}.Debug|Any CPU.ActiveCfg = Debug|Any CPU
		{05FAE543-4F94-4DF2-8362-CA5B5D5BF266}.Debug|Any CPU.Build.0 = Debug|Any CPU
		{05FAE543-4F94-4DF2-8362-CA5B5D5BF266}.Release|Any CPU.ActiveCfg = Release|Any CPU
		{05FAE543-4F94-4DF2-8362-CA5B5D5BF266}.Release|Any CPU.Build.0 = Release|Any CPU
		{AC9EC7AE-16F5-470F-A90D-8884CDD7EFE6}.Debug|Any CPU.ActiveCfg = Debug|Any CPU
		{AC9EC7AE-16F5-470F-A90D-8884CDD7EFE6}.Debug|Any CPU.Build.0 = Debug|Any CPU
		{AC9EC7AE-16F5-470F-A90D-8884CDD7EFE6}.Release|Any CPU.ActiveCfg = Release|Any CPU
		{AC9EC7AE-16F5-470F-A90D-8884CDD7EFE6}.Release|Any CPU.Build.0 = Release|Any CPU
	EndGlobalSection
	GlobalSection(SolutionProperties) = preSolution
		HideSolutionNode = FALSE
	EndGlobalSection
	GlobalSection(ExtensibilityGlobals) = postSolution
		SolutionGuid = {99CBD31A-7DEF-4E0D-A76E-08FB7A5AA738}
	EndGlobalSection
EndGlobal
